// !$*UTF8*$!
{
	archiveVersion = 1;
	classes = {
	};
	objectVersion = 51;
	objects = {

/* Begin PBXBuildFile section */
		06E1FE4C2681C00B00FBEE3C /* AppDelegate.swift in Sources */ = {isa = PBXBuildFile; fileRef = 06E1FE4B2681C00B00FBEE3C /* AppDelegate.swift */; };
		06E1FE4E2681C00B00FBEE3C /* SceneDelegate.swift in Sources */ = {isa = PBXBuildFile; fileRef = 06E1FE4D2681C00B00FBEE3C /* SceneDelegate.swift */; };
		06E1FE502681C00B00FBEE3C /* ViewController.swift in Sources */ = {isa = PBXBuildFile; fileRef = 06E1FE4F2681C00B00FBEE3C /* ViewController.swift */; };
		06E1FE532681C00B00FBEE3C /* Main.storyboard in Resources */ = {isa = PBXBuildFile; fileRef = 06E1FE512681C00B00FBEE3C /* Main.storyboard */; };
		06E1FE552681C00B00FBEE3C /* Assets.xcassets in Resources */ = {isa = PBXBuildFile; fileRef = 06E1FE542681C00B00FBEE3C /* Assets.xcassets */; };
		06E1FE582681C00B00FBEE3C /* LaunchScreen.storyboard in Resources */ = {isa = PBXBuildFile; fileRef = 06E1FE562681C00B00FBEE3C /* LaunchScreen.storyboard */; };
		FA5F3B257FF71B4C28C5EAF9 /* Pods_RxSwiftPlayGround.framework in Frameworks */ = {isa = PBXBuildFile; fileRef = 304596036618C7D65A06B9FD /* Pods_RxSwiftPlayGround.framework */; };
/* End PBXBuildFile section */

/* Begin PBXFileReference section */
		063A3B6726832AD50002D602 /* filteringOperators.playground */ = {isa = PBXFileReference; lastKnownFileType = file.playground; path = filteringOperators.playground; sourceTree = "<group>"; xcLanguageSpecificationIdentifier = xcode.lang.swift; };
		06928C672681D7460018E827 /* Subject.playground */ = {isa = PBXFileReference; lastKnownFileType = file.playground; path = Subject.playground; sourceTree = "<group>"; xcLanguageSpecificationIdentifier = xcode.lang.swift; };
		06E1FE482681C00B00FBEE3C /* RxSwiftPlayGround.app */ = {isa = PBXFileReference; explicitFileType = wrapper.application; includeInIndex = 0; path = RxSwiftPlayGround.app; sourceTree = BUILT_PRODUCTS_DIR; };
		06E1FE4B2681C00B00FBEE3C /* AppDelegate.swift */ = {isa = PBXFileReference; lastKnownFileType = sourcecode.swift; path = AppDelegate.swift; sourceTree = "<group>"; };
		06E1FE4D2681C00B00FBEE3C /* SceneDelegate.swift */ = {isa = PBXFileReference; lastKnownFileType = sourcecode.swift; path = SceneDelegate.swift; sourceTree = "<group>"; };
		06E1FE4F2681C00B00FBEE3C /* ViewController.swift */ = {isa = PBXFileReference; lastKnownFileType = sourcecode.swift; path = ViewController.swift; sourceTree = "<group>"; };
		06E1FE522681C00B00FBEE3C /* Base */ = {isa = PBXFileReference; lastKnownFileType = file.storyboard; name = Base; path = Base.lproj/Main.storyboard; sourceTree = "<group>"; };
		06E1FE542681C00B00FBEE3C /* Assets.xcassets */ = {isa = PBXFileReference; lastKnownFileType = folder.assetcatalog; path = Assets.xcassets; sourceTree = "<group>"; };
		06E1FE572681C00B00FBEE3C /* Base */ = {isa = PBXFileReference; lastKnownFileType = file.storyboard; name = Base; path = Base.lproj/LaunchScreen.storyboard; sourceTree = "<group>"; };
		06E1FE592681C00B00FBEE3C /* Info.plist */ = {isa = PBXFileReference; lastKnownFileType = text.plist.xml; path = Info.plist; sourceTree = "<group>"; };
		06E1FE5F2681C04100FBEE3C /* Observables.playground */ = {isa = PBXFileReference; lastKnownFileType = file.playground; path = Observables.playground; sourceTree = "<group>"; xcLanguageSpecificationIdentifier = xcode.lang.swift; };
		304596036618C7D65A06B9FD /* Pods_RxSwiftPlayGround.framework */ = {isa = PBXFileReference; explicitFileType = wrapper.framework; includeInIndex = 0; path = Pods_RxSwiftPlayGround.framework; sourceTree = BUILT_PRODUCTS_DIR; };
		3A3EED4ADB2D52DF22CBF4FD /* Pods-RxSwiftPlayGround.release.xcconfig */ = {isa = PBXFileReference; includeInIndex = 1; lastKnownFileType = text.xcconfig; name = "Pods-RxSwiftPlayGround.release.xcconfig"; path = "Target Support Files/Pods-RxSwiftPlayGround/Pods-RxSwiftPlayGround.release.xcconfig"; sourceTree = "<group>"; };
		61B2450EF4ACB0C285B27C5F /* Pods-RxSwiftPlayGround.debug.xcconfig */ = {isa = PBXFileReference; includeInIndex = 1; lastKnownFileType = text.xcconfig; name = "Pods-RxSwiftPlayGround.debug.xcconfig"; path = "Target Support Files/Pods-RxSwiftPlayGround/Pods-RxSwiftPlayGround.debug.xcconfig"; sourceTree = "<group>"; };
/* End PBXFileReference section */

/* Begin PBXFrameworksBuildPhase section */
		06E1FE452681C00B00FBEE3C /* Frameworks */ = {
			isa = PBXFrameworksBuildPhase;
			buildActionMask = 2147483647;
			files = (
				FA5F3B257FF71B4C28C5EAF9 /* Pods_RxSwiftPlayGround.framework in Frameworks */,
			);
			runOnlyForDeploymentPostprocessing = 0;
		};
/* End PBXFrameworksBuildPhase section */

/* Begin PBXGroup section */
		06A251862681C18F00F1A7F4 /* playground */ = {
			isa = PBXGroup;
			children = (
				06E1FE5F2681C04100FBEE3C /* Observables.playground */,
				06928C672681D7460018E827 /* Subject.playground */,
				063A3B6726832AD50002D602 /* filteringOperators.playground */,
			);
			path = playground;
			sourceTree = "<group>";
		};
		06E1FE3F2681C00B00FBEE3C = {
			isa = PBXGroup;
			children = (
				06A251862681C18F00F1A7F4 /* playground */,
				06E1FE4A2681C00B00FBEE3C /* RxSwiftPlayGround */,
				06E1FE492681C00B00FBEE3C /* Products */,
				160A4F67E43ED54B60BEE562 /* Pods */,
				73534566BB5B0D7F6EAEDA00 /* Frameworks */,
			);
			sourceTree = "<group>";
		};
		06E1FE492681C00B00FBEE3C /* Products */ = {
			isa = PBXGroup;
			children = (
				06E1FE482681C00B00FBEE3C /* RxSwiftPlayGround.app */,
			);
			name = Products;
			sourceTree = "<group>";
		};
		06E1FE4A2681C00B00FBEE3C /* RxSwiftPlayGround */ = {
			isa = PBXGroup;
			children = (
				06E1FE4B2681C00B00FBEE3C /* AppDelegate.swift */,
				06E1FE4D2681C00B00FBEE3C /* SceneDelegate.swift */,
				06E1FE4F2681C00B00FBEE3C /* ViewController.swift */,
				06E1FE512681C00B00FBEE3C /* Main.storyboard */,
				06E1FE542681C00B00FBEE3C /* Assets.xcassets */,
				06E1FE562681C00B00FBEE3C /* LaunchScreen.storyboard */,
				06E1FE592681C00B00FBEE3C /* Info.plist */,
			);
			path = RxSwiftPlayGround;
			sourceTree = "<group>";
		};
		160A4F67E43ED54B60BEE562 /* Pods */ = {
			isa = PBXGroup;
			children = (
				61B2450EF4ACB0C285B27C5F /* Pods-RxSwiftPlayGround.debug.xcconfig */,
				3A3EED4ADB2D52DF22CBF4FD /* Pods-RxSwiftPlayGround.release.xcconfig */,
			);
			path = Pods;
			sourceTree = "<group>";
		};
		73534566BB5B0D7F6EAEDA00 /* Frameworks */ = {
			isa = PBXGroup;
			children = (
				304596036618C7D65A06B9FD /* Pods_RxSwiftPlayGround.framework */,
			);
			name = Frameworks;
			sourceTree = "<group>";
		};
/* End PBXGroup section */

/* Begin PBXNativeTarget section */
		06E1FE472681C00B00FBEE3C /* RxSwiftPlayGround */ = {
			isa = PBXNativeTarget;
			buildConfigurationList = 06E1FE5C2681C00B00FBEE3C /* Build configuration list for PBXNativeTarget "RxSwiftPlayGround" */;
			buildPhases = (
				A3CE772A5BBBCD3E780F5452 /* [CP] Check Pods Manifest.lock */,
				06E1FE442681C00B00FBEE3C /* Sources */,
				06E1FE452681C00B00FBEE3C /* Frameworks */,
				06E1FE462681C00B00FBEE3C /* Resources */,
				5D7D59C47701BE1CD7833A6E /* [CP] Embed Pods Frameworks */,
			);
			buildRules = (
			);
			dependencies = (
			);
			name = RxSwiftPlayGround;
			productName = RxSwiftPlayGround;
			productReference = 06E1FE482681C00B00FBEE3C /* RxSwiftPlayGround.app */;
			productType = "com.apple.product-type.application";
		};
/* End PBXNativeTarget section */

/* Begin PBXProject section */
		06E1FE402681C00B00FBEE3C /* Project object */ = {
			isa = PBXProject;
			attributes = {
				LastSwiftUpdateCheck = 1250;
				LastUpgradeCheck = 1250;
				TargetAttributes = {
					06E1FE472681C00B00FBEE3C = {
						CreatedOnToolsVersion = 12.5.1;
					};
				};
			};
			buildConfigurationList = 06E1FE432681C00B00FBEE3C /* Build configuration list for PBXProject "RxSwiftPlayGround" */;
			compatibilityVersion = "Xcode 9.3";
			developmentRegion = en;
			hasScannedForEncodings = 0;
			knownRegions = (
				en,
				Base,
			);
			mainGroup = 06E1FE3F2681C00B00FBEE3C;
			productRefGroup = 06E1FE492681C00B00FBEE3C /* Products */;
			projectDirPath = "";
			projectRoot = "";
			targets = (
				06E1FE472681C00B00FBEE3C /* RxSwiftPlayGround */,
			);
		};
/* End PBXProject section */

/* Begin PBXResourcesBuildPhase section */
		06E1FE462681C00B00FBEE3C /* Resources */ = {
			isa = PBXResourcesBuildPhase;
			buildActionMask = 2147483647;
			files = (
				06E1FE582681C00B00FBEE3C /* LaunchScreen.storyboard in Resources */,
				06E1FE552681C00B00FBEE3C /* Assets.xcassets in Resources */,
				06E1FE532681C00B00FBEE3C /* Main.storyboard in Resources */,
			);
			runOnlyForDeploymentPostprocessing = 0;
		};
/* End PBXResourcesBuildPhase section */

/* Begin PBXShellScriptBuildPhase section */
		5D7D59C47701BE1CD7833A6E /* [CP] Embed Pods Frameworks */ = {
			isa = PBXShellScriptBuildPhase;
			buildActionMask = 2147483647;
			files = (
			);
			inputFileListPaths = (
				"${PODS_ROOT}/Target Support Files/Pods-RxSwiftPlayGround/Pods-RxSwiftPlayGround-frameworks-${CONFIGURATION}-input-files.xcfilelist",
			);
			name = "[CP] Embed Pods Frameworks";
			outputFileListPaths = (
				"${PODS_ROOT}/Target Support Files/Pods-RxSwiftPlayGround/Pods-RxSwiftPlayGround-frameworks-${CONFIGURATION}-output-files.xcfilelist",
			);
			runOnlyForDeploymentPostprocessing = 0;
			shellPath = /bin/sh;
			shellScript = "\"${PODS_ROOT}/Target Support Files/Pods-RxSwiftPlayGround/Pods-RxSwiftPlayGround-frameworks.sh\"\n";
			showEnvVarsInLog = 0;
		};
		A3CE772A5BBBCD3E780F5452 /* [CP] Check Pods Manifest.lock */ = {
			isa = PBXShellScriptBuildPhase;
			buildActionMask = 2147483647;
			files = (
			);
			inputFileListPaths = (
			);
			inputPaths = (
				"${PODS_PODFILE_DIR_PATH}/Podfile.lock",
				"${PODS_ROOT}/Manifest.lock",
			);
			name = "[CP] Check Pods Manifest.lock";
			outputFileListPaths = (
			);
			outputPaths = (
				"$(DERIVED_FILE_DIR)/Pods-RxSwiftPlayGround-checkManifestLockResult.txt",
			);
			runOnlyForDeploymentPostprocessing = 0;
			shellPath = /bin/sh;
			shellScript = "diff \"${PODS_PODFILE_DIR_PATH}/Podfile.lock\" \"${PODS_ROOT}/Manifest.lock\" > /dev/null\nif [ $? != 0 ] ; then\n    # print error to STDERR\n    echo \"error: The sandbox is not in sync with the Podfile.lock. Run 'pod install' or update your CocoaPods installation.\" >&2\n    exit 1\nfi\n# This output is used by Xcode 'outputs' to avoid re-running this script phase.\necho \"SUCCESS\" > \"${SCRIPT_OUTPUT_FILE_0}\"\n";
			showEnvVarsInLog = 0;
		};
/* End PBXShellScriptBuildPhase section */

/* Begin PBXSourcesBuildPhase section */
		06E1FE442681C00B00FBEE3C /* Sources */ = {
			isa = PBXSourcesBuildPhase;
			buildActionMask = 2147483647;
			files = (
				06E1FE502681C00B00FBEE3C /* ViewController.swift in Sources */,
				06E1FE4C2681C00B00FBEE3C /* AppDelegate.swift in Sources */,
				06E1FE4E2681C00B00FBEE3C /* SceneDelegate.swift in Sources */,
			);
			runOnlyForDeploymentPostprocessing = 0;
		};
/* End PBXSourcesBuildPhase section */

/* Begin PBXVariantGroup section */
		06E1FE512681C00B00FBEE3C /* Main.storyboard */ = {
			isa = PBXVariantGroup;
			children = (
				06E1FE522681C00B00FBEE3C /* Base */,
			);
			name = Main.storyboard;
			sourceTree = "<group>";
		};
		06E1FE562681C00B00FBEE3C /* LaunchScreen.storyboard */ = {
			isa = PBXVariantGroup;
			children = (
				06E1FE572681C00B00FBEE3C /* Base */,
			);
			name = LaunchScreen.storyboard;
			sourceTree = "<group>";
		};
/* End PBXVariantGroup section */

/* Begin XCBuildConfiguration section */
		06E1FE5A2681C00B00FBEE3C /* Debug */ = {
			isa = XCBuildConfiguration;
			buildSettings = {
				ALWAYS_SEARCH_USER_PATHS = NO;
				CLANG_ANALYZER_NONNULL = YES;
				CLANG_ANALYZER_NUMBER_OBJECT_CONVERSION = YES_AGGRESSIVE;
				CLANG_CXX_LANGUAGE_STANDARD = "gnu++14";
				CLANG_CXX_LIBRARY = "libc++";
				CLANG_ENABLE_MODULES = YES;
				CLANG_ENABLE_OBJC_ARC = YES;
				CLANG_ENABLE_OBJC_WEAK = YES;
				CLANG_WARN_BLOCK_CAPTURE_AUTORELEASING = YES;
				CLANG_WARN_BOOL_CONVERSION = YES;
				CLANG_WARN_COMMA = YES;
				CLANG_WARN_CONSTANT_CONVERSION = YES;
				CLANG_WARN_DEPRECATED_OBJC_IMPLEMENTATIONS = YES;
				CLANG_WARN_DIRECT_OBJC_ISA_USAGE = YES_ERROR;
				CLANG_WARN_DOCUMENTATION_COMMENTS = YES;
				CLANG_WARN_EMPTY_BODY = YES;
				CLANG_WARN_ENUM_CONVERSION = YES;
				CLANG_WARN_INFINITE_RECURSION = YES;
				CLANG_WARN_INT_CONVERSION = YES;
				CLANG_WARN_NON_LITERAL_NULL_CONVERSION = YES;
				CLANG_WARN_OBJC_IMPLICIT_RETAIN_SELF = YES;
				CLANG_WARN_OBJC_LITERAL_CONVERSION = YES;
				CLANG_WARN_OBJC_ROOT_CLASS = YES_ERROR;
				CLANG_WARN_QUOTED_INCLUDE_IN_FRAMEWORK_HEADER = YES;
				CLANG_WARN_RANGE_LOOP_ANALYSIS = YES;
				CLANG_WARN_STRICT_PROTOTYPES = YES;
				CLANG_WARN_SUSPICIOUS_MOVE = YES;
				CLANG_WARN_UNGUARDED_AVAILABILITY = YES_AGGRESSIVE;
				CLANG_WARN_UNREACHABLE_CODE = YES;
				CLANG_WARN__DUPLICATE_METHOD_MATCH = YES;
				COPY_PHASE_STRIP = NO;
				DEBUG_INFORMATION_FORMAT = dwarf;
				ENABLE_STRICT_OBJC_MSGSEND = YES;
				ENABLE_TESTABILITY = YES;
				GCC_C_LANGUAGE_STANDARD = gnu11;
				GCC_DYNAMIC_NO_PIC = NO;
				GCC_NO_COMMON_BLOCKS = YES;
				GCC_OPTIMIZATION_LEVEL = 0;
				GCC_PREPROCESSOR_DEFINITIONS = (
					"DEBUG=1",
					"$(inherited)",
				);
				GCC_WARN_64_TO_32_BIT_CONVERSION = YES;
				GCC_WARN_ABOUT_RETURN_TYPE = YES_ERROR;
				GCC_WARN_UNDECLARED_SELECTOR = YES;
				GCC_WARN_UNINITIALIZED_AUTOS = YES_AGGRESSIVE;
				GCC_WARN_UNUSED_FUNCTION = YES;
				GCC_WARN_UNUSED_VARIABLE = YES;
				IPHONEOS_DEPLOYMENT_TARGET = 14.5;
				MTL_ENABLE_DEBUG_INFO = INCLUDE_SOURCE;
				MTL_FAST_MATH = YES;
				ONLY_ACTIVE_ARCH = YES;
				SDKROOT = iphoneos;
				SWIFT_ACTIVE_COMPILATION_CONDITIONS = DEBUG;
				SWIFT_OPTIMIZATION_LEVEL = "-Onone";
			};
			name = Debug;
		};
		06E1FE5B2681C00B00FBEE3C /* Release */ = {
			isa = XCBuildConfiguration;
			buildSettings = {
				ALWAYS_SEARCH_USER_PATHS = NO;
				CLANG_ANALYZER_NONNULL = YES;
				CLANG_ANALYZER_NUMBER_OBJECT_CONVERSION = YES_AGGRESSIVE;
				CLANG_CXX_LANGUAGE_STANDARD = "gnu++14";
				CLANG_CXX_LIBRARY = "libc++";
				CLANG_ENABLE_MODULES = YES;
				CLANG_ENABLE_OBJC_ARC = YES;
				CLANG_ENABLE_OBJC_WEAK = YES;
				CLANG_WARN_BLOCK_CAPTURE_AUTORELEASING = YES;
				CLANG_WARN_BOOL_CONVERSION = YES;
				CLANG_WARN_COMMA = YES;
				CLANG_WARN_CONSTANT_CONVERSION = YES;
				CLANG_WARN_DEPRECATED_OBJC_IMPLEMENTATIONS = YES;
				CLANG_WARN_DIRECT_OBJC_ISA_USAGE = YES_ERROR;
				CLANG_WARN_DOCUMENTATION_COMMENTS = YES;
				CLANG_WARN_EMPTY_BODY = YES;
				CLANG_WARN_ENUM_CONVERSION = YES;
				CLANG_WARN_INFINITE_RECURSION = YES;
				CLANG_WARN_INT_CONVERSION = YES;
				CLANG_WARN_NON_LITERAL_NULL_CONVERSION = YES;
				CLANG_WARN_OBJC_IMPLICIT_RETAIN_SELF = YES;
				CLANG_WARN_OBJC_LITERAL_CONVERSION = YES;
				CLANG_WARN_OBJC_ROOT_CLASS = YES_ERROR;
				CLANG_WARN_QUOTED_INCLUDE_IN_FRAMEWORK_HEADER = YES;
				CLANG_WARN_RANGE_LOOP_ANALYSIS = YES;
				CLANG_WARN_STRICT_PROTOTYPES = YES;
				CLANG_WARN_SUSPICIOUS_MOVE = YES;
				CLANG_WARN_UNGUARDED_AVAILABILITY = YES_AGGRESSIVE;
				CLANG_WARN_UNREACHABLE_CODE = YES;
				CLANG_WARN__DUPLICATE_METHOD_MATCH = YES;
				COPY_PHASE_STRIP = NO;
				DEBUG_INFORMATION_FORMAT = "dwarf-with-dsym";
				ENABLE_NS_ASSERTIONS = NO;
				ENABLE_STRICT_OBJC_MSGSEND = YES;
				GCC_C_LANGUAGE_STANDARD = gnu11;
				GCC_NO_COMMON_BLOCKS = YES;
				GCC_WARN_64_TO_32_BIT_CONVERSION = YES;
				GCC_WARN_ABOUT_RETURN_TYPE = YES_ERROR;
				GCC_WARN_UNDECLARED_SELECTOR = YES;
				GCC_WARN_UNINITIALIZED_AUTOS = YES_AGGRESSIVE;
				GCC_WARN_UNUSED_FUNCTION = YES;
				GCC_WARN_UNUSED_VARIABLE = YES;
				IPHONEOS_DEPLOYMENT_TARGET = 14.5;
				MTL_ENABLE_DEBUG_INFO = NO;
				MTL_FAST_MATH = YES;
				SDKROOT = iphoneos;
				SWIFT_COMPILATION_MODE = wholemodule;
				SWIFT_OPTIMIZATION_LEVEL = "-O";
				VALIDATE_PRODUCT = YES;
			};
			name = Release;
		};
		06E1FE5D2681C00B00FBEE3C /* Debug */ = {
			isa = XCBuildConfiguration;
			baseConfigurationReference = 61B2450EF4ACB0C285B27C5F /* Pods-RxSwiftPlayGround.debug.xcconfig */;
			buildSettings = {
				ASSETCATALOG_COMPILER_APPICON_NAME = AppIcon;
				ASSETCATALOG_COMPILER_GLOBAL_ACCENT_COLOR_NAME = AccentColor;
				CODE_SIGN_STYLE = Automatic;
				DEVELOPMENT_TEAM = RKSNRHW63A;
				INFOPLIST_FILE = RxSwiftPlayGround/Info.plist;
				LD_RUNPATH_SEARCH_PATHS = (
					"$(inherited)",
					"@executable_path/Frameworks",
				);
				PRODUCT_BUNDLE_IDENTIFIER = com.pangeun.RxSwiftPlayGround;
				PRODUCT_NAME = "$(TARGET_NAME)";
				SWIFT_VERSION = 5.0;
				TARGETED_DEVICE_FAMILY = "1,2";
			};
			name = Debug;
		};
		06E1FE5E2681C00B00FBEE3C /* Release */ = {
			isa = XCBuildConfiguration;
			baseConfigurationReference = 3A3EED4ADB2D52DF22CBF4FD /* Pods-RxSwiftPlayGround.release.xcconfig */;
			buildSettings = {
				ASSETCATALOG_COMPILER_APPICON_NAME = AppIcon;
				ASSETCATALOG_COMPILER_GLOBAL_ACCENT_COLOR_NAME = AccentColor;
				CODE_SIGN_STYLE = Automatic;
				DEVELOPMENT_TEAM = RKSNRHW63A;
				INFOPLIST_FILE = RxSwiftPlayGround/Info.plist;
				LD_RUNPATH_SEARCH_PATHS = (
					"$(inherited)",
					"@executable_path/Frameworks",
				);
				PRODUCT_BUNDLE_IDENTIFIER = com.pangeun.RxSwiftPlayGround;
				PRODUCT_NAME = "$(TARGET_NAME)";
				SWIFT_VERSION = 5.0;
				TARGETED_DEVICE_FAMILY = "1,2";
			};
			name = Release;
		};
/* End XCBuildConfiguration section */

/* Begin XCConfigurationList section */
		06E1FE432681C00B00FBEE3C /* Build configuration list for PBXProject "RxSwiftPlayGround" */ = {
			isa = XCConfigurationList;
			buildConfigurations = (
				06E1FE5A2681C00B00FBEE3C /* Debug */,
				06E1FE5B2681C00B00FBEE3C /* Release */,
			);
			defaultConfigurationIsVisible = 0;
			defaultConfigurationName = Release;
		};
		06E1FE5C2681C00B00FBEE3C /* Build configuration list for PBXNativeTarget "RxSwiftPlayGround" */ = {
			isa = XCConfigurationList;
			buildConfigurations = (
				06E1FE5D2681C00B00FBEE3C /* Debug */,
				06E1FE5E2681C00B00FBEE3C /* Release */,
			);
			defaultConfigurationIsVisible = 0;
			defaultConfigurationName = Release;
		};
/* End XCConfigurationList section */
	};
	rootObject = 06E1FE402681C00B00FBEE3C /* Project object */;
}
